
Microsoft Visual Studio Solution File, Format Version 12.00
# Visual Studio Version 17
VisualStudioVersion = 17.14.36301.6 d17.14
MinimumVisualStudioVersion = 10.0.40219.1
Project("{FAE04EC0-301F-11D3-BF4B-00C04F79EFBC}") = "Dashboard.Web", "Dashboard.Web\Dashboard.Web.csproj", "{1C01F748-D7C7-47D7-8371-602AA2E7B01D}"
EndProject
Project("{FAE04EC0-301F-11D3-BF4B-00C04F79EFBC}") = "Dashboard.Api", "Dashboard.Api\Dashboard.Api.csproj", "{65D9B2E8-ECB6-4690-94E6-354D692AEF32}"
EndProject
Project("{FAE04EC0-301F-11D3-BF4B-00C04F79EFBC}") = "Dashboard.Core", "Dashboard.Core\Dashboard.Core.csproj", "{39A8ECEF-572A-4486-8E19-7D5481B7FB2D}"
EndProject
Global
	GlobalSection(SolutionConfigurationPlatforms) = preSolution
		Debug|Any CPU = Debug|Any CPU
		Release|Any CPU = Release|Any CPU
	EndGlobalSection
	GlobalSection(ProjectConfigurationPlatforms) = postSolution
		{1C01F748-D7C7-47D7-8371-602AA2E7B01D}.Debug|Any CPU.ActiveCfg = Debug|Any CPU
		{1C01F748-D7C7-47D7-8371-602AA2E7B01D}.Debug|Any CPU.Build.0 = Debug|Any CPU
		{1C01F748-D7C7-47D7-8371-602AA2E7B01D}.Release|Any CPU.ActiveCfg = Release|Any CPU
		{1C01F748-D7C7-47D7-8371-602AA2E7B01D}.Release|Any CPU.Build.0 = Release|Any CPU
		{65D9B2E8-ECB6-4690-94E6-354D692AEF32}.Debug|Any CPU.ActiveCfg = Debug|Any CPU
		{65D9B2E8-ECB6-4690-94E6-354D692AEF32}.Debug|Any CPU.Build.0 = Debug|Any CPU
		{65D9B2E8-ECB6-4690-94E6-354D692AEF32}.Release|Any CPU.ActiveCfg = Release|Any CPU
		{65D9B2E8-ECB6-4690-94E6-354D692AEF32}.Release|Any CPU.Build.0 = Release|Any CPU
		{39A8ECEF-572A-4486-8E19-7D5481B7FB2D}.Debug|Any CPU.ActiveCfg = Debug|Any CPU
		{39A8ECEF-572A-4486-8E19-7D5481B7FB2D}.Debug|Any CPU.Build.0 = Debug|Any CPU
		{39A8ECEF-572A-4486-8E19-7D5481B7FB2D}.Release|Any CPU.ActiveCfg = Release|Any CPU
		{39A8ECEF-572A-4486-8E19-7D5481B7FB2D}.Release|Any CPU.Build.0 = Release|Any CPU
	EndGlobalSection
	GlobalSection(SolutionProperties) = preSolution
		HideSolutionNode = FALSE
	EndGlobalSection
	GlobalSection(ExtensibilityGlobals) = postSolution
		SolutionGuid = {1299812C-21C8-49AD-BA3F-97DFDD4FD0E0}
	EndGlobalSection
EndGlobal
